// !$*UTF8*$!
{
	archiveVersion = 1;
	classes = {
	};
	objectVersion = 46;
	objects = {

/* Begin PBXBuildFile section */
		12033CC51ACC789F007201B3 /* ItemsWindow.swift in Sources */ = {isa = PBXBuildFile; fileRef = 12033CC41ACC789F007201B3 /* ItemsWindow.swift */; };
		12033CC71ACC7D3B007201B3 /* EditableItem.swift in Sources */ = {isa = PBXBuildFile; fileRef = 12033CC61ACC7D3B007201B3 /* EditableItem.swift */; };
		12089C2A1ADEF96000F094A6 /* ColorPresets.swift in Sources */ = {isa = PBXBuildFile; fileRef = 12089C291ADEF96000F094A6 /* ColorPresets.swift */; };
		12089C2C1ADF158500F094A6 /* SelectPersonViewController.swift in Sources */ = {isa = PBXBuildFile; fileRef = 12089C2B1ADF158500F094A6 /* SelectPersonViewController.swift */; };
		12089C2F1ADF16AC00F094A6 /* PersonSelectCell.swift in Sources */ = {isa = PBXBuildFile; fileRef = 12089C2E1ADF16AC00F094A6 /* PersonSelectCell.swift */; };
		12089C311ADF2CE800F094A6 /* AssignItemsWindow.swift in Sources */ = {isa = PBXBuildFile; fileRef = 12089C301ADF2CE800F094A6 /* AssignItemsWindow.swift */; };
		12089C341ADF2DDE00F094A6 /* ItemSelectCellTableViewCell.swift in Sources */ = {isa = PBXBuildFile; fileRef = 12089C331ADF2DDE00F094A6 /* ItemSelectCellTableViewCell.swift */; };
		12089C361ADF30B400F094A6 /* ContactSearch.swift in Sources */ = {isa = PBXBuildFile; fileRef = 12089C351ADF30B400F094A6 /* ContactSearch.swift */; };
		122652801ABCE4B100F33300 /* Main.storyboard in Resources */ = {isa = PBXBuildFile; fileRef = 1226527E1ABCE4B100F33300 /* Main.storyboard */; };
		122652821ABCE4B100F33300 /* Images.xcassets in Resources */ = {isa = PBXBuildFile; fileRef = 122652811ABCE4B100F33300 /* Images.xcassets */; };
		122652851ABCE4B100F33300 /* LaunchScreen.xib in Resources */ = {isa = PBXBuildFile; fileRef = 122652831ABCE4B100F33300 /* LaunchScreen.xib */; };
		122652911ABCE4B100F33300 /* BilSplitTests.swift in Sources */ = {isa = PBXBuildFile; fileRef = 122652901ABCE4B100F33300 /* BilSplitTests.swift */; };
		1226529B1ABCEFE300F33300 /* ViewControllerStartScreen.swift in Sources */ = {isa = PBXBuildFile; fileRef = 1226529A1ABCEFE300F33300 /* ViewControllerStartScreen.swift */; };
		1238C5581ADDD71500844C86 /* Person.swift in Sources */ = {isa = PBXBuildFile; fileRef = 1238C5571ADDD71500844C86 /* Person.swift */; };
		1238C55A1ADDE89800844C86 /* AddPeopleViewController.swift in Sources */ = {isa = PBXBuildFile; fileRef = 1238C5591ADDE89700844C86 /* AddPeopleViewController.swift */; };
		1238C55D1ADDF23E00844C86 /* AddPeopleCell.swift in Sources */ = {isa = PBXBuildFile; fileRef = 1238C55C1ADDF23E00844C86 /* AddPeopleCell.swift */; };
		1238C55F1ADE052D00844C86 /* AddPersonPopUp.swift in Sources */ = {isa = PBXBuildFile; fileRef = 1238C55E1ADE052D00844C86 /* AddPersonPopUp.swift */; };
		1238C5631ADE068F00844C86 /* AppDelegate.swift in Sources */ = {isa = PBXBuildFile; fileRef = 1238C5611ADE068F00844C86 /* AppDelegate.swift */; };
		1238C5641ADE068F00844C86 /* ViewController.swift in Sources */ = {isa = PBXBuildFile; fileRef = 1238C5621ADE068F00844C86 /* ViewController.swift */; };
		12CD274B1ADA0EDF00484BAF /* QuantityTextField.swift in Sources */ = {isa = PBXBuildFile; fileRef = 12CD274A1ADA0EDF00484BAF /* QuantityTextField.swift */; };
		12EE76441AD9BD170033848D /* EditItemsCell.swift in Sources */ = {isa = PBXBuildFile; fileRef = 12EE76431AD9BD170033848D /* EditItemsCell.swift */; };
		302572571ADF2AE70044026E /* AddItemPopUpViewController.swift in Sources */ = {isa = PBXBuildFile; fileRef = 302572561ADF2AE60044026E /* AddItemPopUpViewController.swift */; };
		3025725A1ADF334C0044026E /* History.swift in Sources */ = {isa = PBXBuildFile; fileRef = 302572591ADF334C0044026E /* History.swift */; };
		307054041ADE257300426415 /* Item.swift in Sources */ = {isa = PBXBuildFile; fileRef = 307054031ADE257300426415 /* Item.swift */; };
		307054061ADE25E600426415 /* Receipt.swift in Sources */ = {isa = PBXBuildFile; fileRef = 307054051ADE25E600426415 /* Receipt.swift */; };
		30B962421ACA2A5B0047D02E /* SwiftSpinner.swift in Sources */ = {isa = PBXBuildFile; fileRef = 30B962411ACA2A5B0047D02E /* SwiftSpinner.swift */; };
		30E2E91E1ABD8EDC009D7004 /* TesseractOCR.framework in Frameworks */ = {isa = PBXBuildFile; fileRef = 30E2E91D1ABD8EDC009D7004 /* TesseractOCR.framework */; };
		30E2E9201ABD8EFC009D7004 /* tessdata in Resources */ = {isa = PBXBuildFile; fileRef = 30E2E91F1ABD8EFC009D7004 /* tessdata */; };
		30E2E9241ABD9196009D7004 /* libstdc++.dylib in Frameworks */ = {isa = PBXBuildFile; fileRef = 30E2E9231ABD9196009D7004 /* libstdc++.dylib */; };
		30E2E9261ABD919D009D7004 /* CoreImage.framework in Frameworks */ = {isa = PBXBuildFile; fileRef = 30E2E9251ABD919D009D7004 /* CoreImage.framework */; };
/* End PBXBuildFile section */

/* Begin PBXContainerItemProxy section */
		1226528B1ABCE4B100F33300 /* PBXContainerItemProxy */ = {
			isa = PBXContainerItemProxy;
			containerPortal = 1226526D1ABCE4B100F33300 /* Project object */;
			proxyType = 1;
			remoteGlobalIDString = 122652741ABCE4B100F33300;
			remoteInfo = BilSplit;
		};
/* End PBXContainerItemProxy section */

/* Begin PBXFileReference section */
		12033CC41ACC789F007201B3 /* ItemsWindow.swift */ = {isa = PBXFileReference; fileEncoding = 4; lastKnownFileType = sourcecode.swift; path = ItemsWindow.swift; sourceTree = "<group>"; };
		12033CC61ACC7D3B007201B3 /* EditableItem.swift */ = {isa = PBXFileReference; fileEncoding = 4; lastKnownFileType = sourcecode.swift; path = EditableItem.swift; sourceTree = "<group>"; };
		12089C291ADEF96000F094A6 /* ColorPresets.swift */ = {isa = PBXFileReference; fileEncoding = 4; lastKnownFileType = sourcecode.swift; path = ColorPresets.swift; sourceTree = "<group>"; };
		12089C2B1ADF158500F094A6 /* SelectPersonViewController.swift */ = {isa = PBXFileReference; fileEncoding = 4; lastKnownFileType = sourcecode.swift; path = SelectPersonViewController.swift; sourceTree = "<group>"; };
		12089C2E1ADF16AC00F094A6 /* PersonSelectCell.swift */ = {isa = PBXFileReference; fileEncoding = 4; lastKnownFileType = sourcecode.swift; path = PersonSelectCell.swift; sourceTree = "<group>"; };
		12089C301ADF2CE800F094A6 /* AssignItemsWindow.swift */ = {isa = PBXFileReference; fileEncoding = 4; lastKnownFileType = sourcecode.swift; path = AssignItemsWindow.swift; sourceTree = "<group>"; };
		12089C331ADF2DDE00F094A6 /* ItemSelectCellTableViewCell.swift */ = {isa = PBXFileReference; fileEncoding = 4; lastKnownFileType = sourcecode.swift; path = ItemSelectCellTableViewCell.swift; sourceTree = "<group>"; };
		12089C351ADF30B400F094A6 /* ContactSearch.swift */ = {isa = PBXFileReference; fileEncoding = 4; lastKnownFileType = sourcecode.swift; path = ContactSearch.swift; sourceTree = "<group>"; };
		122652751ABCE4B100F33300 /* BilSplit.app */ = {isa = PBXFileReference; explicitFileType = wrapper.application; includeInIndex = 0; path = BilSplit.app; sourceTree = BUILT_PRODUCTS_DIR; };
		122652791ABCE4B100F33300 /* Info.plist */ = {isa = PBXFileReference; lastKnownFileType = text.plist.xml; path = Info.plist; sourceTree = "<group>"; };
		1226527F1ABCE4B100F33300 /* Base */ = {isa = PBXFileReference; lastKnownFileType = file.storyboard; name = Base; path = Base.lproj/Main.storyboard; sourceTree = "<group>"; };
		122652811ABCE4B100F33300 /* Images.xcassets */ = {isa = PBXFileReference; lastKnownFileType = folder.assetcatalog; path = Images.xcassets; sourceTree = "<group>"; };
		122652841ABCE4B100F33300 /* Base */ = {isa = PBXFileReference; lastKnownFileType = file.xib; name = Base; path = Base.lproj/LaunchScreen.xib; sourceTree = "<group>"; };
		1226528A1ABCE4B100F33300 /* BilSplitTests.xctest */ = {isa = PBXFileReference; explicitFileType = wrapper.cfbundle; includeInIndex = 0; path = BilSplitTests.xctest; sourceTree = BUILT_PRODUCTS_DIR; };
		1226528F1ABCE4B100F33300 /* Info.plist */ = {isa = PBXFileReference; lastKnownFileType = text.plist.xml; path = Info.plist; sourceTree = "<group>"; };
		122652901ABCE4B100F33300 /* BilSplitTests.swift */ = {isa = PBXFileReference; lastKnownFileType = sourcecode.swift; path = BilSplitTests.swift; sourceTree = "<group>"; };
		1226529A1ABCEFE300F33300 /* ViewControllerStartScreen.swift */ = {isa = PBXFileReference; fileEncoding = 4; lastKnownFileType = sourcecode.swift; path = ViewControllerStartScreen.swift; sourceTree = "<group>"; };
		1238C5571ADDD71500844C86 /* Person.swift */ = {isa = PBXFileReference; fileEncoding = 4; lastKnownFileType = sourcecode.swift; path = Person.swift; sourceTree = "<group>"; };
		1238C5591ADDE89700844C86 /* AddPeopleViewController.swift */ = {isa = PBXFileReference; fileEncoding = 4; lastKnownFileType = sourcecode.swift; path = AddPeopleViewController.swift; sourceTree = "<group>"; };
		1238C55C1ADDF23E00844C86 /* AddPeopleCell.swift */ = {isa = PBXFileReference; fileEncoding = 4; lastKnownFileType = sourcecode.swift; path = AddPeopleCell.swift; sourceTree = "<group>"; };
		1238C55E1ADE052D00844C86 /* AddPersonPopUp.swift */ = {isa = PBXFileReference; fileEncoding = 4; lastKnownFileType = sourcecode.swift; path = AddPersonPopUp.swift; sourceTree = "<group>"; };
		1238C5611ADE068F00844C86 /* AppDelegate.swift */ = {isa = PBXFileReference; fileEncoding = 4; lastKnownFileType = sourcecode.swift; path = AppDelegate.swift; sourceTree = "<group>"; };
		1238C5621ADE068F00844C86 /* ViewController.swift */ = {isa = PBXFileReference; fileEncoding = 4; lastKnownFileType = sourcecode.swift; path = ViewController.swift; sourceTree = "<group>"; };
		12CD274A1ADA0EDF00484BAF /* QuantityTextField.swift */ = {isa = PBXFileReference; fileEncoding = 4; lastKnownFileType = sourcecode.swift; path = QuantityTextField.swift; sourceTree = "<group>"; };
		12EE76431AD9BD170033848D /* EditItemsCell.swift */ = {isa = PBXFileReference; fileEncoding = 4; lastKnownFileType = sourcecode.swift; path = EditItemsCell.swift; sourceTree = "<group>"; };
		302572561ADF2AE60044026E /* AddItemPopUpViewController.swift */ = {isa = PBXFileReference; fileEncoding = 4; lastKnownFileType = sourcecode.swift; path = AddItemPopUpViewController.swift; sourceTree = "<group>"; };
		302572591ADF334C0044026E /* History.swift */ = {isa = PBXFileReference; fileEncoding = 4; lastKnownFileType = sourcecode.swift; path = History.swift; sourceTree = "<group>"; };
		3062B5951ABD88490005E932 /* en */ = {isa = PBXFileReference; lastKnownFileType = text.plist.strings; name = en; path = en.lproj/Main.strings; sourceTree = "<group>"; };
		307054031ADE257300426415 /* Item.swift */ = {isa = PBXFileReference; fileEncoding = 4; lastKnownFileType = sourcecode.swift; path = Item.swift; sourceTree = "<group>"; };
		307054051ADE25E600426415 /* Receipt.swift */ = {isa = PBXFileReference; fileEncoding = 4; lastKnownFileType = sourcecode.swift; path = Receipt.swift; sourceTree = "<group>"; };
		30B962411ACA2A5B0047D02E /* SwiftSpinner.swift */ = {isa = PBXFileReference; fileEncoding = 4; lastKnownFileType = sourcecode.swift; path = SwiftSpinner.swift; sourceTree = "<group>"; };
		30E2E91D1ABD8EDC009D7004 /* TesseractOCR.framework */ = {isa = PBXFileReference; lastKnownFileType = wrapper.framework; path = TesseractOCR.framework; sourceTree = "<group>"; };
		30E2E91F1ABD8EFC009D7004 /* tessdata */ = {isa = PBXFileReference; lastKnownFileType = folder; path = tessdata; sourceTree = "<group>"; };
		30E2E9231ABD9196009D7004 /* libstdc++.dylib */ = {isa = PBXFileReference; lastKnownFileType = "compiled.mach-o.dylib"; name = "libstdc++.dylib"; path = "usr/lib/libstdc++.dylib"; sourceTree = SDKROOT; };
		30E2E9251ABD919D009D7004 /* CoreImage.framework */ = {isa = PBXFileReference; lastKnownFileType = wrapper.framework; name = CoreImage.framework; path = System/Library/Frameworks/CoreImage.framework; sourceTree = SDKROOT; };
		30E2E9271ABD920C009D7004 /* BilSplit-Bridging-Header.h */ = {isa = PBXFileReference; lastKnownFileType = sourcecode.c.h; path = "BilSplit-Bridging-Header.h"; sourceTree = "<group>"; };
/* End PBXFileReference section */

/* Begin PBXFrameworksBuildPhase section */
		122652721ABCE4B100F33300 /* Frameworks */ = {
			isa = PBXFrameworksBuildPhase;
			buildActionMask = 2147483647;
			files = (
				30E2E9261ABD919D009D7004 /* CoreImage.framework in Frameworks */,
				30E2E9241ABD9196009D7004 /* libstdc++.dylib in Frameworks */,
				30E2E91E1ABD8EDC009D7004 /* TesseractOCR.framework in Frameworks */,
			);
			runOnlyForDeploymentPostprocessing = 0;
		};
		122652871ABCE4B100F33300 /* Frameworks */ = {
			isa = PBXFrameworksBuildPhase;
			buildActionMask = 2147483647;
			files = (
			);
			runOnlyForDeploymentPostprocessing = 0;
		};
/* End PBXFrameworksBuildPhase section */

/* Begin PBXGroup section */
		12089C2D1ADF167F00F094A6 /* SelectPersonScreen */ = {
			isa = PBXGroup;
			children = (
				12089C2B1ADF158500F094A6 /* SelectPersonViewController.swift */,
				12089C2E1ADF16AC00F094A6 /* PersonSelectCell.swift */,
			);
			name = SelectPersonScreen;
			sourceTree = "<group>";
		};
		12089C321ADF2CEF00F094A6 /* AssignItemsWindow */ = {
			isa = PBXGroup;
			children = (
				12089C331ADF2DDE00F094A6 /* ItemSelectCellTableViewCell.swift */,
				12089C301ADF2CE800F094A6 /* AssignItemsWindow.swift */,
			);
			name = AssignItemsWindow;
			sourceTree = "<group>";
		};
		12089C371ADF31CB00F094A6 /* ContactSearch */ = {
			isa = PBXGroup;
			children = (
				12089C351ADF30B400F094A6 /* ContactSearch.swift */,
			);
			name = ContactSearch;
			sourceTree = "<group>";
		};
		1226526C1ABCE4B100F33300 = {
			isa = PBXGroup;
			children = (
				30E2E9251ABD919D009D7004 /* CoreImage.framework */,
				30E2E9231ABD9196009D7004 /* libstdc++.dylib */,
				30E2E91D1ABD8EDC009D7004 /* TesseractOCR.framework */,
				122652771ABCE4B100F33300 /* BilSplit */,
				1226528D1ABCE4B100F33300 /* BilSplitTests */,
				122652761ABCE4B100F33300 /* Products */,
				30E2E9271ABD920C009D7004 /* BilSplit-Bridging-Header.h */,
			);
			sourceTree = "<group>";
		};
		122652761ABCE4B100F33300 /* Products */ = {
			isa = PBXGroup;
			children = (
				122652751ABCE4B100F33300 /* BilSplit.app */,
				1226528A1ABCE4B100F33300 /* BilSplitTests.xctest */,
			);
			name = Products;
			sourceTree = "<group>";
		};
		122652771ABCE4B100F33300 /* BilSplit */ = {
			isa = PBXGroup;
			children = (
				1238C5611ADE068F00844C86 /* AppDelegate.swift */,
				1238C5621ADE068F00844C86 /* ViewController.swift */,
				302572591ADF334C0044026E /* History.swift */,
				307054051ADE25E600426415 /* Receipt.swift */,
				1238C5571ADDD71500844C86 /* Person.swift */,
				12033CC61ACC7D3B007201B3 /* EditableItem.swift */,
				302572581ADF33320044026E /* AddItemPopUp */,
				1226527E1ABCE4B100F33300 /* Main.storyboard */,
				12089C371ADF31CB00F094A6 /* ContactSearch */,
				12089C321ADF2CEF00F094A6 /* AssignItemsWindow */,
				12089C2D1ADF167F00F094A6 /* SelectPersonScreen */,
				12089C291ADEF96000F094A6 /* ColorPresets.swift */,
				1238C5601ADE053500844C86 /* AddPersonPopUp */,
				1238C55B1ADDE8CA00844C86 /* AddPeopleWindow */,
				12EE76421AD9BC910033848D /* EditItemsWindow */,
				307054071ADE25FA00426415 /* ViewControllerStartSceen */,
				122652811ABCE4B100F33300 /* Images.xcassets */,
				122652831ABCE4B100F33300 /* LaunchScreen.xib */,
				122652781ABCE4B100F33300 /* Supporting Files */,
			);
			path = BilSplit;
			sourceTree = "<group>";
		};
		122652781ABCE4B100F33300 /* Supporting Files */ = {
			isa = PBXGroup;
			children = (
				30E2E91F1ABD8EFC009D7004 /* tessdata */,
				122652791ABCE4B100F33300 /* Info.plist */,
			);
			name = "Supporting Files";
			sourceTree = "<group>";
		};
		1226528D1ABCE4B100F33300 /* BilSplitTests */ = {
			isa = PBXGroup;
			children = (
				122652901ABCE4B100F33300 /* BilSplitTests.swift */,
				1226528E1ABCE4B100F33300 /* Supporting Files */,
			);
			path = BilSplitTests;
			sourceTree = "<group>";
		};
		1226528E1ABCE4B100F33300 /* Supporting Files */ = {
			isa = PBXGroup;
			children = (
				1226528F1ABCE4B100F33300 /* Info.plist */,
			);
			name = "Supporting Files";
			sourceTree = "<group>";
		};
		1238C55B1ADDE8CA00844C86 /* AddPeopleWindow */ = {
			isa = PBXGroup;
			children = (
				1238C55C1ADDF23E00844C86 /* AddPeopleCell.swift */,
				1238C5591ADDE89700844C86 /* AddPeopleViewController.swift */,
			);
			name = AddPeopleWindow;
			sourceTree = "<group>";
		};
		1238C5601ADE053500844C86 /* AddPersonPopUp */ = {
			isa = PBXGroup;
			children = (
				1238C55E1ADE052D00844C86 /* AddPersonPopUp.swift */,
			);
			name = AddPersonPopUp;
			sourceTree = "<group>";
		};
		12EE76421AD9BC910033848D /* EditItemsWindow */ = {
			isa = PBXGroup;
			children = (
				12033CC41ACC789F007201B3 /* ItemsWindow.swift */,
				12EE76431AD9BD170033848D /* EditItemsCell.swift */,
				12CD274A1ADA0EDF00484BAF /* QuantityTextField.swift */,
			);
			name = EditItemsWindow;
			sourceTree = "<group>";
		};
		302572581ADF33320044026E /* AddItemPopUp */ = {
			isa = PBXGroup;
			children = (
				302572561ADF2AE60044026E /* AddItemPopUpViewController.swift */,
			);
			name = AddItemPopUp;
			sourceTree = "<group>";
		};
		307054071ADE25FA00426415 /* ViewControllerStartSceen */ = {
			isa = PBXGroup;
			children = (
				30B962411ACA2A5B0047D02E /* SwiftSpinner.swift */,
				1226529A1ABCEFE300F33300 /* ViewControllerStartScreen.swift */,
				307054031ADE257300426415 /* Item.swift */,
			);
			name = ViewControllerStartSceen;
			sourceTree = "<group>";
		};
/* End PBXGroup section */

/* Begin PBXNativeTarget section */
		122652741ABCE4B100F33300 /* BilSplit */ = {
			isa = PBXNativeTarget;
			buildConfigurationList = 122652941ABCE4B100F33300 /* Build configuration list for PBXNativeTarget "BilSplit" */;
			buildPhases = (
				122652711ABCE4B100F33300 /* Sources */,
				122652721ABCE4B100F33300 /* Frameworks */,
				122652731ABCE4B100F33300 /* Resources */,
			);
			buildRules = (
			);
			dependencies = (
			);
			name = BilSplit;
			productName = BilSplit;
			productReference = 122652751ABCE4B100F33300 /* BilSplit.app */;
			productType = "com.apple.product-type.application";
		};
		122652891ABCE4B100F33300 /* BilSplitTests */ = {
			isa = PBXNativeTarget;
			buildConfigurationList = 122652971ABCE4B100F33300 /* Build configuration list for PBXNativeTarget "BilSplitTests" */;
			buildPhases = (
				122652861ABCE4B100F33300 /* Sources */,
				122652871ABCE4B100F33300 /* Frameworks */,
				122652881ABCE4B100F33300 /* Resources */,
			);
			buildRules = (
			);
			dependencies = (
				1226528C1ABCE4B100F33300 /* PBXTargetDependency */,
			);
			name = BilSplitTests;
			productName = BilSplitTests;
			productReference = 1226528A1ABCE4B100F33300 /* BilSplitTests.xctest */;
			productType = "com.apple.product-type.bundle.unit-test";
		};
/* End PBXNativeTarget section */

/* Begin PBXProject section */
		1226526D1ABCE4B100F33300 /* Project object */ = {
			isa = PBXProject;
			attributes = {
				LastUpgradeCheck = 0620;
				ORGANIZATIONNAME = PandaTech;
				TargetAttributes = {
					122652741ABCE4B100F33300 = {
						CreatedOnToolsVersion = 6.2;
						DevelopmentTeam = 5JQ7J6M3V9;
					};
					122652891ABCE4B100F33300 = {
						CreatedOnToolsVersion = 6.2;
						TestTargetID = 122652741ABCE4B100F33300;
					};
				};
			};
			buildConfigurationList = 122652701ABCE4B100F33300 /* Build configuration list for PBXProject "BilSplit" */;
			compatibilityVersion = "Xcode 3.2";
			developmentRegion = English;
			hasScannedForEncodings = 0;
			knownRegions = (
				en,
				Base,
			);
			mainGroup = 1226526C1ABCE4B100F33300;
			productRefGroup = 122652761ABCE4B100F33300 /* Products */;
			projectDirPath = "";
			projectRoot = "";
			targets = (
				122652741ABCE4B100F33300 /* BilSplit */,
				122652891ABCE4B100F33300 /* BilSplitTests */,
			);
		};
/* End PBXProject section */

/* Begin PBXResourcesBuildPhase section */
		122652731ABCE4B100F33300 /* Resources */ = {
			isa = PBXResourcesBuildPhase;
			buildActionMask = 2147483647;
			files = (
				122652801ABCE4B100F33300 /* Main.storyboard in Resources */,
				30E2E9201ABD8EFC009D7004 /* tessdata in Resources */,
				122652851ABCE4B100F33300 /* LaunchScreen.xib in Resources */,
				122652821ABCE4B100F33300 /* Images.xcassets in Resources */,
			);
			runOnlyForDeploymentPostprocessing = 0;
		};
		122652881ABCE4B100F33300 /* Resources */ = {
			isa = PBXResourcesBuildPhase;
			buildActionMask = 2147483647;
			files = (
			);
			runOnlyForDeploymentPostprocessing = 0;
		};
/* End PBXResourcesBuildPhase section */

/* Begin PBXSourcesBuildPhase section */
		122652711ABCE4B100F33300 /* Sources */ = {
			isa = PBXSourcesBuildPhase;
			buildActionMask = 2147483647;
			files = (
				1238C5631ADE068F00844C86 /* AppDelegate.swift in Sources */,
				12EE76441AD9BD170033848D /* EditItemsCell.swift in Sources */,
				3025725A1ADF334C0044026E /* History.swift in Sources */,
				12089C2C1ADF158500F094A6 /* SelectPersonViewController.swift in Sources */,
				307054061ADE25E600426415 /* Receipt.swift in Sources */,
				12033CC71ACC7D3B007201B3 /* EditableItem.swift in Sources */,
				12CD274B1ADA0EDF00484BAF /* QuantityTextField.swift in Sources */,
				12089C2A1ADEF96000F094A6 /* ColorPresets.swift in Sources */,
				30B962421ACA2A5B0047D02E /* SwiftSpinner.swift in Sources */,
				12089C2F1ADF16AC00F094A6 /* PersonSelectCell.swift in Sources */,
				1238C55A1ADDE89800844C86 /* AddPeopleViewController.swift in Sources */,
				1238C5641ADE068F00844C86 /* ViewController.swift in Sources */,
				307054041ADE257300426415 /* Item.swift in Sources */,
				12089C361ADF30B400F094A6 /* ContactSearch.swift in Sources */,
				1238C55D1ADDF23E00844C86 /* AddPeopleCell.swift in Sources */,
				12089C341ADF2DDE00F094A6 /* ItemSelectCellTableViewCell.swift in Sources */,
				1238C55F1ADE052D00844C86 /* AddPersonPopUp.swift in Sources */,
				1226529B1ABCEFE300F33300 /* ViewControllerStartScreen.swift in Sources */,
				1238C5581ADDD71500844C86 /* Person.swift in Sources */,
				302572571ADF2AE70044026E /* AddItemPopUpViewController.swift in Sources */,
				12033CC51ACC789F007201B3 /* ItemsWindow.swift in Sources */,
				12089C311ADF2CE800F094A6 /* AssignItemsWindow.swift in Sources */,
			);
			runOnlyForDeploymentPostprocessing = 0;
		};
		122652861ABCE4B100F33300 /* Sources */ = {
			isa = PBXSourcesBuildPhase;
			buildActionMask = 2147483647;
			files = (
				122652911ABCE4B100F33300 /* BilSplitTests.swift in Sources */,
			);
			runOnlyForDeploymentPostprocessing = 0;
		};
/* End PBXSourcesBuildPhase section */

/* Begin PBXTargetDependency section */
		1226528C1ABCE4B100F33300 /* PBXTargetDependency */ = {
			isa = PBXTargetDependency;
			target = 122652741ABCE4B100F33300 /* BilSplit */;
			targetProxy = 1226528B1ABCE4B100F33300 /* PBXContainerItemProxy */;
		};
/* End PBXTargetDependency section */

/* Begin PBXVariantGroup section */
		1226527E1ABCE4B100F33300 /* Main.storyboard */ = {
			isa = PBXVariantGroup;
			children = (
				1226527F1ABCE4B100F33300 /* Base */,
				3062B5951ABD88490005E932 /* en */,
			);
			name = Main.storyboard;
			sourceTree = "<group>";
		};
		122652831ABCE4B100F33300 /* LaunchScreen.xib */ = {
			isa = PBXVariantGroup;
			children = (
				122652841ABCE4B100F33300 /* Base */,
			);
			name = LaunchScreen.xib;
			sourceTree = "<group>";
		};
/* End PBXVariantGroup section */

/* Begin XCBuildConfiguration section */
		122652921ABCE4B100F33300 /* Debug */ = {
			isa = XCBuildConfiguration;
			buildSettings = {
				ALWAYS_SEARCH_USER_PATHS = NO;
				CLANG_CXX_LANGUAGE_STANDARD = "gnu++0x";
				CLANG_CXX_LIBRARY = "libc++";
				CLANG_ENABLE_MODULES = YES;
				CLANG_ENABLE_OBJC_ARC = YES;
				CLANG_WARN_BOOL_CONVERSION = YES;
				CLANG_WARN_CONSTANT_CONVERSION = YES;
				CLANG_WARN_DIRECT_OBJC_ISA_USAGE = YES_ERROR;
				CLANG_WARN_EMPTY_BODY = YES;
				CLANG_WARN_ENUM_CONVERSION = YES;
				CLANG_WARN_INT_CONVERSION = YES;
				CLANG_WARN_OBJC_ROOT_CLASS = YES_ERROR;
				CLANG_WARN_UNREACHABLE_CODE = YES;
				CLANG_WARN__DUPLICATE_METHOD_MATCH = YES;
				"CODE_SIGN_IDENTITY[sdk=iphoneos*]" = "iPhone Developer";
				COPY_PHASE_STRIP = NO;
				ENABLE_STRICT_OBJC_MSGSEND = YES;
				GCC_C_LANGUAGE_STANDARD = gnu99;
				GCC_DYNAMIC_NO_PIC = NO;
				GCC_OPTIMIZATION_LEVEL = 0;
				GCC_PREPROCESSOR_DEFINITIONS = (
					"DEBUG=1",
					"$(inherited)",
				);
				GCC_SYMBOLS_PRIVATE_EXTERN = NO;
				GCC_WARN_64_TO_32_BIT_CONVERSION = YES;
				GCC_WARN_ABOUT_RETURN_TYPE = YES_ERROR;
				GCC_WARN_UNDECLARED_SELECTOR = YES;
				GCC_WARN_UNINITIALIZED_AUTOS = YES_AGGRESSIVE;
				GCC_WARN_UNUSED_FUNCTION = YES;
				GCC_WARN_UNUSED_VARIABLE = YES;
				IPHONEOS_DEPLOYMENT_TARGET = 8.3;
				MTL_ENABLE_DEBUG_INFO = YES;
				ONLY_ACTIVE_ARCH = YES;
				SDKROOT = iphoneos;
				SWIFT_OPTIMIZATION_LEVEL = "-Onone";
				TARGETED_DEVICE_FAMILY = "1,2";
			};
			name = Debug;
		};
		122652931ABCE4B100F33300 /* Release */ = {
			isa = XCBuildConfiguration;
			buildSettings = {
				ALWAYS_SEARCH_USER_PATHS = NO;
				CLANG_CXX_LANGUAGE_STANDARD = "gnu++0x";
				CLANG_CXX_LIBRARY = "libc++";
				CLANG_ENABLE_MODULES = YES;
				CLANG_ENABLE_OBJC_ARC = YES;
				CLANG_WARN_BOOL_CONVERSION = YES;
				CLANG_WARN_CONSTANT_CONVERSION = YES;
				CLANG_WARN_DIRECT_OBJC_ISA_USAGE = YES_ERROR;
				CLANG_WARN_EMPTY_BODY = YES;
				CLANG_WARN_ENUM_CONVERSION = YES;
				CLANG_WARN_INT_CONVERSION = YES;
				CLANG_WARN_OBJC_ROOT_CLASS = YES_ERROR;
				CLANG_WARN_UNREACHABLE_CODE = YES;
				CLANG_WARN__DUPLICATE_METHOD_MATCH = YES;
				"CODE_SIGN_IDENTITY[sdk=iphoneos*]" = "iPhone Developer";
				COPY_PHASE_STRIP = NO;
				ENABLE_NS_ASSERTIONS = NO;
				ENABLE_STRICT_OBJC_MSGSEND = YES;
				GCC_C_LANGUAGE_STANDARD = gnu99;
				GCC_WARN_64_TO_32_BIT_CONVERSION = YES;
				GCC_WARN_ABOUT_RETURN_TYPE = YES_ERROR;
				GCC_WARN_UNDECLARED_SELECTOR = YES;
				GCC_WARN_UNINITIALIZED_AUTOS = YES_AGGRESSIVE;
				GCC_WARN_UNUSED_FUNCTION = YES;
				GCC_WARN_UNUSED_VARIABLE = YES;
				IPHONEOS_DEPLOYMENT_TARGET = 8.3;
				MTL_ENABLE_DEBUG_INFO = NO;
				SDKROOT = iphoneos;
				TARGETED_DEVICE_FAMILY = "1,2";
				VALIDATE_PRODUCT = YES;
			};
			name = Release;
		};
		122652951ABCE4B100F33300 /* Debug */ = {
			isa = XCBuildConfiguration;
			buildSettings = {
				ASSETCATALOG_COMPILER_APPICON_NAME = AppIcon;
				CLANG_ENABLE_MODULES = YES;
				CODE_SIGN_IDENTITY = "iPhone Developer";
				FRAMEWORK_SEARCH_PATHS = (
					"$(inherited)",
					"$(PROJECT_DIR)",
				);
				INFOPLIST_FILE = BilSplit/Info.plist;
				LD_RUNPATH_SEARCH_PATHS = "$(inherited) @executable_path/Frameworks";
				OTHER_LDFLAGS = "-lstdc++";
				PRODUCT_NAME = "$(TARGET_NAME)";
				SWIFT_OBJC_BRIDGING_HEADER = "BilSplit-Bridging-Header.h";
				SWIFT_OPTIMIZATION_LEVEL = "-Onone";
			};
			name = Debug;
		};
		122652961ABCE4B100F33300 /* Release */ = {
			isa = XCBuildConfiguration;
			buildSettings = {
				ASSETCATALOG_COMPILER_APPICON_NAME = AppIcon;
				CLANG_ENABLE_MODULES = YES;
				CODE_SIGN_IDENTITY = "iPhone Developer";
				FRAMEWORK_SEARCH_PATHS = (
					"$(inherited)",
					"$(PROJECT_DIR)",
				);
				INFOPLIST_FILE = BilSplit/Info.plist;
				LD_RUNPATH_SEARCH_PATHS = "$(inherited) @executable_path/Frameworks";
				OTHER_LDFLAGS = "-lstdc++";
				PRODUCT_NAME = "$(TARGET_NAME)";
				SWIFT_OBJC_BRIDGING_HEADER = "BilSplit-Bridging-Header.h";
			};
			name = Release;
		};
		122652981ABCE4B100F33300 /* Debug */ = {
			isa = XCBuildConfiguration;
			buildSettings = {
				BUNDLE_LOADER = "$(TEST_HOST)";
				FRAMEWORK_SEARCH_PATHS = (
					"$(SDKROOT)/Developer/Library/Frameworks",
					"$(inherited)",
				);
				GCC_PREPROCESSOR_DEFINITIONS = (
					"DEBUG=1",
					"$(inherited)",
				);
				INFOPLIST_FILE = BilSplitTests/Info.plist;
				LD_RUNPATH_SEARCH_PATHS = "$(inherited) @executable_path/Frameworks @loader_path/Frameworks";
				PRODUCT_NAME = "$(TARGET_NAME)";
				TEST_HOST = "$(BUILT_PRODUCTS_DIR)/BilSplit.app/BilSplit";
			};
			name = Debug;
		};
		122652991ABCE4B100F33300 /* Release */ = {
			isa = XCBuildConfiguration;
			buildSettings = {
				BUNDLE_LOADER = "$(TEST_HOST)";
				FRAMEWORK_SEARCH_PATHS = (
					"$(SDKROOT)/Developer/Library/Frameworks",
					"$(inherited)",
				);
				INFOPLIST_FILE = BilSplitTests/Info.plist;
				LD_RUNPATH_SEARCH_PATHS = "$(inherited) @executable_path/Frameworks @loader_path/Frameworks";
				PRODUCT_NAME = "$(TARGET_NAME)";
				TEST_HOST = "$(BUILT_PRODUCTS_DIR)/BilSplit.app/BilSplit";
			};
			name = Release;
		};
/* End XCBuildConfiguration section */

/* Begin XCConfigurationList section */
		122652701ABCE4B100F33300 /* Build configuration list for PBXProject "BilSplit" */ = {
			isa = XCConfigurationList;
			buildConfigurations = (
				122652921ABCE4B100F33300 /* Debug */,
				122652931ABCE4B100F33300 /* Release */,
			);
			defaultConfigurationIsVisible = 0;
			defaultConfigurationName = Release;
		};
		122652941ABCE4B100F33300 /* Build configuration list for PBXNativeTarget "BilSplit" */ = {
			isa = XCConfigurationList;
			buildConfigurations = (
				122652951ABCE4B100F33300 /* Debug */,
				122652961ABCE4B100F33300 /* Release */,
			);
			defaultConfigurationIsVisible = 0;
			defaultConfigurationName = Release;
		};
		122652971ABCE4B100F33300 /* Build configuration list for PBXNativeTarget "BilSplitTests" */ = {
			isa = XCConfigurationList;
			buildConfigurations = (
				122652981ABCE4B100F33300 /* Debug */,
				122652991ABCE4B100F33300 /* Release */,
			);
			defaultConfigurationIsVisible = 0;
			defaultConfigurationName = Release;
		};
/* End XCConfigurationList section */
	};
	rootObject = 1226526D1ABCE4B100F33300 /* Project object */;
}
